<Solution>
  <Project Path="Reor.Software.Auth\Reor.Software.Auth.csproj" />
  <Project Path="Reor.Software.Auth.Tests\Reor.Software.Auth.Tests.csproj" />
  <Folder Name="/Solution Items/">
    <File Path=".github\workflows\publish.yml" />
    <File Path=".gitignore" />
    <File Path="README.md" />
    <File Path="LICENSE" />
  </Folder>
</Solution>